
Microsoft Visual Studio Solution File, Format Version 12.00
# Visual Studio 15
VisualStudioVersion = 15.0.28010.2016
MinimumVisualStudioVersion = 10.0.40219.1
Project("{FAE04EC0-301F-11D3-BF4B-00C04F79EFBC}") = "WindowsFormsApp1", "WindowsFormsApp1\WindowsFormsApp1.csproj", "{DB40F7C1-C220-4545-923D-321A25B650E9}"
EndProject
Global
	GlobalSection(SolutionConfigurationPlatforms) = preSolution
		Debug|Any CPU = Debug|Any CPU
		Release|Any CPU = Release|Any CPU
	EndGlobalSection
	GlobalSection(ProjectConfigurationPlatforms) = postSolution
		{DB40F7C1-C220-4545-923D-321A25B650E9}.Debug|Any CPU.ActiveCfg = Debug|Any CPU
		{DB40F7C1-C220-4545-923D-321A25B650E9}.Debug|Any CPU.Build.0 = Debug|Any CPU
		{DB40F7C1-C220-4545-923D-321A25B650E9}.Release|Any CPU.ActiveCfg = Release|Any CPU
		{DB40F7C1-C220-4545-923D-321A25B650E9}.Release|Any CPU.Build.0 = Release|Any CPU
	EndGlobalSection
	GlobalSection(SolutionProperties) = preSolution
		HideSolutionNode = FALSE
	EndGlobalSection
	GlobalSection(ExtensibilityGlobals) = postSolution
		SolutionGuid = {0C6C95A1-C41E-4858-99A8-4E5FEFAA1A4C}
	EndGlobalSection
EndGlobal
